
Microsoft Visual Studio Solution File, Format Version 12.00
# Visual Studio Version 17
VisualStudioVersion = 17.10.35013.160
MinimumVisualStudioVersion = 10.0.40219.1
Project("{FAE04EC0-301F-11D3-BF4B-00C04F79EFBC}") = "Topic 8 - Assignment", "Topic 8 - Assignment\Topic 8 - Assignment.csproj", "{D2740C30-191A-49F6-B99E-41BCF4382ADB}"
EndProject
Global
	GlobalSection(SolutionConfigurationPlatforms) = preSolution
		Debug|Any CPU = Debug|Any CPU
		Release|Any CPU = Release|Any CPU
	EndGlobalSection
	GlobalSection(ProjectConfigurationPlatforms) = postSolution
		{D2740C30-191A-49F6-B99E-41BCF4382ADB}.Debug|Any CPU.ActiveCfg = Debug|Any CPU
		{D2740C30-191A-49F6-B99E-41BCF4382ADB}.Debug|Any CPU.Build.0 = Debug|Any CPU
		{D2740C30-191A-49F6-B99E-41BCF4382ADB}.Release|Any CPU.ActiveCfg = Release|Any CPU
		{D2740C30-191A-49F6-B99E-41BCF4382ADB}.Release|Any CPU.Build.0 = Release|Any CPU
	EndGlobalSection
	GlobalSection(SolutionProperties) = preSolution
		HideSolutionNode = FALSE
	EndGlobalSection
	GlobalSection(ExtensibilityGlobals) = postSolution
		SolutionGuid = {5799DE40-A6D5-47A9-9563-0739967E53F1}
	EndGlobalSection
EndGlobal
